
Microsoft Visual Studio Solution File, Format Version 12.00
# Visual Studio 2013
VisualStudioVersion = 12.0.30501.0
MinimumVisualStudioVersion = 10.0.40219.1
Project("{FAE04EC0-301F-11D3-BF4B-00C04F79EFBC}") = "01.TreeTasks", "01.TreeTasks\01.TreeTasks.csproj", "{9C8E0984-FAEE-4179-A12A-DBF24B14CECD}"
EndProject
Project("{FAE04EC0-301F-11D3-BF4B-00C04F79EFBC}") = "02.CWindowsTranversal", "02.CWindowsTranversal\02.CWindowsTranversal.csproj", "{09B9CE42-F397-4ED8-ABB9-BB798E283841}"
EndProject
Project("{FAE04EC0-301F-11D3-BF4B-00C04F79EFBC}") = "03.BuildATreeWithFilesAndFolders", "03.BuildATreeWithFilesAndFolders\03.BuildATreeWithFilesAndFolders.csproj", "{EF566B04-323E-453F-9845-387A1A150FC2}"
EndProject
Global
	GlobalSection(SolutionConfigurationPlatforms) = preSolution
		Debug|Any CPU = Debug|Any CPU
		Release|Any CPU = Release|Any CPU
	EndGlobalSection
	GlobalSection(ProjectConfigurationPlatforms) = postSolution
		{9C8E0984-FAEE-4179-A12A-DBF24B14CECD}.Debug|Any CPU.ActiveCfg = Debug|Any CPU
		{9C8E0984-FAEE-4179-A12A-DBF24B14CECD}.Debug|Any CPU.Build.0 = Debug|Any CPU
		{9C8E0984-FAEE-4179-A12A-DBF24B14CECD}.Release|Any CPU.ActiveCfg = Release|Any CPU
		{9C8E0984-FAEE-4179-A12A-DBF24B14CECD}.Release|Any CPU.Build.0 = Release|Any CPU
		{09B9CE42-F397-4ED8-ABB9-BB798E283841}.Debug|Any CPU.ActiveCfg = Debug|Any CPU
		{09B9CE42-F397-4ED8-ABB9-BB798E283841}.Debug|Any CPU.Build.0 = Debug|Any CPU
		{09B9CE42-F397-4ED8-ABB9-BB798E283841}.Release|Any CPU.ActiveCfg = Release|Any CPU
		{09B9CE42-F397-4ED8-ABB9-BB798E283841}.Release|Any CPU.Build.0 = Release|Any CPU
		{EF566B04-323E-453F-9845-387A1A150FC2}.Debug|Any CPU.ActiveCfg = Debug|Any CPU
		{EF566B04-323E-453F-9845-387A1A150FC2}.Debug|Any CPU.Build.0 = Debug|Any CPU
		{EF566B04-323E-453F-9845-387A1A150FC2}.Release|Any CPU.ActiveCfg = Release|Any CPU
		{EF566B04-323E-453F-9845-387A1A150FC2}.Release|Any CPU.Build.0 = Release|Any CPU
	EndGlobalSection
	GlobalSection(SolutionProperties) = preSolution
		HideSolutionNode = FALSE
	EndGlobalSection
EndGlobal
