
Microsoft Visual Studio Solution File, Format Version 12.00
# Visual Studio 2013
VisualStudioVersion = 12.0.21005.1
MinimumVisualStudioVersion = 10.0.40219.1
Project("{FAE04EC0-301F-11D3-BF4B-00C04F79EFBC}") = "01. AllocateArray", "01. AllocateArray\01. AllocateArray.csproj", "{EA75C4DE-9660-47A4-8869-EA6EAA60C035}"
EndProject
Project("{FAE04EC0-301F-11D3-BF4B-00C04F79EFBC}") = "02. CompareTwoArrays", "02. CompareTwoArrays\02. CompareTwoArrays.csproj", "{59B0CC51-702E-4385-A282-0005B6D33605}"
EndProject
Project("{FAE04EC0-301F-11D3-BF4B-00C04F79EFBC}") = "03. CompareTwoCharArrays", "03. CompareTwoCharArrays\03. CompareTwoCharArrays.csproj", "{5755FFA4-254A-4BD0-B6BF-A7A68141ED69}"
EndProject
Project("{FAE04EC0-301F-11D3-BF4B-00C04F79EFBC}") = "04. MaxSequence", "04. MaxSequence\04. MaxSequence.csproj", "{A46EFF5D-3BD8-4852-B43B-0D40EE86DCC1}"
EndProject
Global
	GlobalSection(SolutionConfigurationPlatforms) = preSolution
		Debug|Any CPU = Debug|Any CPU
		Release|Any CPU = Release|Any CPU
	EndGlobalSection
	GlobalSection(ProjectConfigurationPlatforms) = postSolution
		{EA75C4DE-9660-47A4-8869-EA6EAA60C035}.Debug|Any CPU.ActiveCfg = Debug|Any CPU
		{EA75C4DE-9660-47A4-8869-EA6EAA60C035}.Debug|Any CPU.Build.0 = Debug|Any CPU
		{EA75C4DE-9660-47A4-8869-EA6EAA60C035}.Release|Any CPU.ActiveCfg = Release|Any CPU
		{EA75C4DE-9660-47A4-8869-EA6EAA60C035}.Release|Any CPU.Build.0 = Release|Any CPU
		{59B0CC51-702E-4385-A282-0005B6D33605}.Debug|Any CPU.ActiveCfg = Debug|Any CPU
		{59B0CC51-702E-4385-A282-0005B6D33605}.Debug|Any CPU.Build.0 = Debug|Any CPU
		{59B0CC51-702E-4385-A282-0005B6D33605}.Release|Any CPU.ActiveCfg = Release|Any CPU
		{59B0CC51-702E-4385-A282-0005B6D33605}.Release|Any CPU.Build.0 = Release|Any CPU
		{5755FFA4-254A-4BD0-B6BF-A7A68141ED69}.Debug|Any CPU.ActiveCfg = Debug|Any CPU
		{5755FFA4-254A-4BD0-B6BF-A7A68141ED69}.Debug|Any CPU.Build.0 = Debug|Any CPU
		{5755FFA4-254A-4BD0-B6BF-A7A68141ED69}.Release|Any CPU.ActiveCfg = Release|Any CPU
		{5755FFA4-254A-4BD0-B6BF-A7A68141ED69}.Release|Any CPU.Build.0 = Release|Any CPU
		{A46EFF5D-3BD8-4852-B43B-0D40EE86DCC1}.Debug|Any CPU.ActiveCfg = Debug|Any CPU
		{A46EFF5D-3BD8-4852-B43B-0D40EE86DCC1}.Debug|Any CPU.Build.0 = Debug|Any CPU
		{A46EFF5D-3BD8-4852-B43B-0D40EE86DCC1}.Release|Any CPU.ActiveCfg = Release|Any CPU
		{A46EFF5D-3BD8-4852-B43B-0D40EE86DCC1}.Release|Any CPU.Build.0 = Release|Any CPU
	EndGlobalSection
	GlobalSection(SolutionProperties) = preSolution
		HideSolutionNode = FALSE
	EndGlobalSection
EndGlobal
