
Microsoft Visual Studio Solution File, Format Version 12.00
# Visual Studio 2013
VisualStudioVersion = 12.0.30501.0
MinimumVisualStudioVersion = 10.0.40219.1
Project("{FAE04EC0-301F-11D3-BF4B-00C04F79EFBC}") = "BookStore.Models", "BookStore.Models\BookStore.Models.csproj", "{66D068EC-3C96-4920-8424-A5C938B844F2}"
EndProject
Project("{FAE04EC0-301F-11D3-BF4B-00C04F79EFBC}") = "BookStore.Data", "BookStore.Data\BookStore.Data.csproj", "{CFDD8749-7144-4313-A3BD-BC10CE882049}"
EndProject
Project("{FAE04EC0-301F-11D3-BF4B-00C04F79EFBC}") = "BookStore.Importer", "BookStore.Importer\BookStore.Importer.csproj", "{8B18375A-4E49-473C-B438-221037163973}"
EndProject
Global
	GlobalSection(SolutionConfigurationPlatforms) = preSolution
		Debug|Any CPU = Debug|Any CPU
		Release|Any CPU = Release|Any CPU
	EndGlobalSection
	GlobalSection(ProjectConfigurationPlatforms) = postSolution
		{66D068EC-3C96-4920-8424-A5C938B844F2}.Debug|Any CPU.ActiveCfg = Debug|Any CPU
		{66D068EC-3C96-4920-8424-A5C938B844F2}.Debug|Any CPU.Build.0 = Debug|Any CPU
		{66D068EC-3C96-4920-8424-A5C938B844F2}.Release|Any CPU.ActiveCfg = Release|Any CPU
		{66D068EC-3C96-4920-8424-A5C938B844F2}.Release|Any CPU.Build.0 = Release|Any CPU
		{CFDD8749-7144-4313-A3BD-BC10CE882049}.Debug|Any CPU.ActiveCfg = Debug|Any CPU
		{CFDD8749-7144-4313-A3BD-BC10CE882049}.Debug|Any CPU.Build.0 = Debug|Any CPU
		{CFDD8749-7144-4313-A3BD-BC10CE882049}.Release|Any CPU.ActiveCfg = Release|Any CPU
		{CFDD8749-7144-4313-A3BD-BC10CE882049}.Release|Any CPU.Build.0 = Release|Any CPU
		{8B18375A-4E49-473C-B438-221037163973}.Debug|Any CPU.ActiveCfg = Debug|Any CPU
		{8B18375A-4E49-473C-B438-221037163973}.Debug|Any CPU.Build.0 = Debug|Any CPU
		{8B18375A-4E49-473C-B438-221037163973}.Release|Any CPU.ActiveCfg = Release|Any CPU
		{8B18375A-4E49-473C-B438-221037163973}.Release|Any CPU.Build.0 = Release|Any CPU
	EndGlobalSection
	GlobalSection(SolutionProperties) = preSolution
		HideSolutionNode = FALSE
	EndGlobalSection
EndGlobal
